
Microsoft Visual Studio Solution File, Format Version 12.00
# Visual Studio Version 17
VisualStudioVersion = 17.12.35209.166
MinimumVisualStudioVersion = 10.0.40219.1
Project("{FAE04EC0-301F-11D3-BF4B-00C04F79EFBC}") = "TaskFlow", "TaskFlow\TaskFlow.csproj", "{49F639DC-ED87-461F-9562-C3E39E67DD7D}"
EndProject
Global
	GlobalSection(SolutionConfigurationPlatforms) = preSolution
		Debug|Any CPU = Debug|Any CPU
		Release|Any CPU = Release|Any CPU
	EndGlobalSection
	GlobalSection(ProjectConfigurationPlatforms) = postSolution
		{49F639DC-ED87-461F-9562-C3E39E67DD7D}.Debug|Any CPU.ActiveCfg = Debug|Any CPU
		{49F639DC-ED87-461F-9562-C3E39E67DD7D}.Debug|Any CPU.Build.0 = Debug|Any CPU
		{49F639DC-ED87-461F-9562-C3E39E67DD7D}.Release|Any CPU.ActiveCfg = Release|Any CPU
		{49F639DC-ED87-461F-9562-C3E39E67DD7D}.Release|Any CPU.Build.0 = Release|Any CPU
	EndGlobalSection
	GlobalSection(SolutionProperties) = preSolution
		HideSolutionNode = FALSE
	EndGlobalSection
	GlobalSection(ExtensibilityGlobals) = postSolution
		SolutionGuid = {E807A882-7499-4C54-8EE9-1719C5EB12E6}
	EndGlobalSection
EndGlobal
